
Microsoft Visual Studio Solution File, Format Version 12.00
# Visual Studio Version 17
VisualStudioVersion = 17.5.33516.290
MinimumVisualStudioVersion = 10.0.40219.1
Project("{FAE04EC0-301F-11D3-BF4B-00C04F79EFBC}") = "tuananh_text", "tuananh_text.csproj", "{3A535ADF-6823-46BA-A833-4EC7365E4AE7}"
EndProject
Global
	GlobalSection(SolutionConfigurationPlatforms) = preSolution
		Debug|Any CPU = Debug|Any CPU
		Release|Any CPU = Release|Any CPU
	EndGlobalSection
	GlobalSection(ProjectConfigurationPlatforms) = postSolution
		{3A535ADF-6823-46BA-A833-4EC7365E4AE7}.Debug|Any CPU.ActiveCfg = Debug|Any CPU
		{3A535ADF-6823-46BA-A833-4EC7365E4AE7}.Debug|Any CPU.Build.0 = Debug|Any CPU
		{3A535ADF-6823-46BA-A833-4EC7365E4AE7}.Release|Any CPU.ActiveCfg = Release|Any CPU
		{3A535ADF-6823-46BA-A833-4EC7365E4AE7}.Release|Any CPU.Build.0 = Release|Any CPU
	EndGlobalSection
	GlobalSection(SolutionProperties) = preSolution
		HideSolutionNode = FALSE
	EndGlobalSection
	GlobalSection(ExtensibilityGlobals) = postSolution
		SolutionGuid = {C4E8657F-56EB-4E3D-97D1-79B28DD48896}
	EndGlobalSection
EndGlobal
